
Microsoft Visual Studio Solution File, Format Version 12.00
# Visual Studio 15
VisualStudioVersion = 15.0.26228.9
MinimumVisualStudioVersion = 10.0.40219.1
Project("{2150E333-8FDC-42A3-9474-1A3956D46DE8}") = "src", "src", "{AFAA0841-BD93-466F-B8F4-FB4EEC86F1FC}"
EndProject
Project("{2150E333-8FDC-42A3-9474-1A3956D46DE8}") = "test", "test", "{F10AA149-2626-486E-85BB-9CD5365F3016}"
EndProject
Project("{9A19103F-16F7-4668-BE54-9A1E7A4F7556}") = "HC.WeChat.Core", "src\HC.WeChat.Core\HC.WeChat.Core.csproj", "{0FA75A5B-AB83-4FD0-B545-279774C01E87}"
EndProject
Project("{9A19103F-16F7-4668-BE54-9A1E7A4F7556}") = "HC.WeChat.Application", "src\HC.WeChat.Application\HC.WeChat.Application.csproj", "{3870C648-4AEA-4B85-BA3F-F2F63B96136A}"
EndProject
Project("{9A19103F-16F7-4668-BE54-9A1E7A4F7556}") = "HC.WeChat.Tests", "test\HC.WeChat.Tests\HC.WeChat.Tests.csproj", "{0D4C5D00-C144-4213-A007-4B8944113AB1}"
EndProject
Project("{9A19103F-16F7-4668-BE54-9A1E7A4F7556}") = "HC.WeChat.Migrator", "src\HC.WeChat.Migrator\HC.WeChat.Migrator.csproj", "{880B3591-E057-46FE-B525-10BD83828B93}"
EndProject
Project("{9A19103F-16F7-4668-BE54-9A1E7A4F7556}") = "HC.WeChat.Web.Host", "src\HC.WeChat.Web.Host\HC.WeChat.Web.Host.csproj", "{38E184BD-E874-4633-A947-AED4FDB73F40}"
EndProject
Project("{9A19103F-16F7-4668-BE54-9A1E7A4F7556}") = "HC.WeChat.Web.Core", "src\HC.WeChat.Web.Core\HC.WeChat.Web.Core.csproj", "{22CFE0D2-8DCA-42D7-AD7D-784C3862493F}"
EndProject
Project("{9A19103F-16F7-4668-BE54-9A1E7A4F7556}") = "HC.WeChat.EntityFrameworkCore", "src\HC.WeChat.EntityFrameworkCore\HC.WeChat.EntityFrameworkCore.csproj", "{E0580562-F8F2-4EBB-B07A-ABFC6F2C314F}"
EndProject
Project("{2150E333-8FDC-42A3-9474-1A3956D46DE8}") = "01_Infrastructure", "01_Infrastructure", "{5C5ED765-F1CF-49E7-94C2-25B06B01F645}"
EndProject
Project("{2150E333-8FDC-42A3-9474-1A3956D46DE8}") = "02_Domain", "02_Domain", "{F2FD95CE-7855-4A65-B290-C77E62795A36}"
EndProject
Project("{2150E333-8FDC-42A3-9474-1A3956D46DE8}") = "03_Application", "03_Application", "{885C4B90-4AF1-444A-B506-432D0D2366F4}"
EndProject
Project("{2150E333-8FDC-42A3-9474-1A3956D46DE8}") = "04_Presentation", "04_Presentation", "{C332F01D-645D-4A66-B595-453283E43184}"
EndProject
Project("{2150E333-8FDC-42A3-9474-1A3956D46DE8}") = "90_Tools", "90_Tools", "{82069623-0CAD-4E5E-865E-AB57093ECD80}"
EndProject
Project("{FAE04EC0-301F-11D3-BF4B-00C04F79EFBC}") = "Abp.WeChat.Senparc", "src\Abp.WeChat.Senparc\Abp.WeChat.Senparc.csproj", "{9BF00B36-0CC1-4A03-9462-20090F4B6DA0}"
EndProject
Global
	GlobalSection(SolutionConfigurationPlatforms) = preSolution
		Debug|Any CPU = Debug|Any CPU
		Release|Any CPU = Release|Any CPU
	EndGlobalSection
	GlobalSection(ProjectConfigurationPlatforms) = postSolution
		{0FA75A5B-AB83-4FD0-B545-279774C01E87}.Debug|Any CPU.ActiveCfg = Debug|Any CPU
		{0FA75A5B-AB83-4FD0-B545-279774C01E87}.Debug|Any CPU.Build.0 = Debug|Any CPU
		{0FA75A5B-AB83-4FD0-B545-279774C01E87}.Release|Any CPU.ActiveCfg = Release|Any CPU
		{0FA75A5B-AB83-4FD0-B545-279774C01E87}.Release|Any CPU.Build.0 = Release|Any CPU
		{3870C648-4AEA-4B85-BA3F-F2F63B96136A}.Debug|Any CPU.ActiveCfg = Debug|Any CPU
		{3870C648-4AEA-4B85-BA3F-F2F63B96136A}.Debug|Any CPU.Build.0 = Debug|Any CPU
		{3870C648-4AEA-4B85-BA3F-F2F63B96136A}.Release|Any CPU.ActiveCfg = Release|Any CPU
		{3870C648-4AEA-4B85-BA3F-F2F63B96136A}.Release|Any CPU.Build.0 = Release|Any CPU
		{0D4C5D00-C144-4213-A007-4B8944113AB1}.Debug|Any CPU.ActiveCfg = Debug|Any CPU
		{0D4C5D00-C144-4213-A007-4B8944113AB1}.Debug|Any CPU.Build.0 = Debug|Any CPU
		{0D4C5D00-C144-4213-A007-4B8944113AB1}.Release|Any CPU.ActiveCfg = Release|Any CPU
		{0D4C5D00-C144-4213-A007-4B8944113AB1}.Release|Any CPU.Build.0 = Release|Any CPU
		{880B3591-E057-46FE-B525-10BD83828B93}.Debug|Any CPU.ActiveCfg = Debug|Any CPU
		{880B3591-E057-46FE-B525-10BD83828B93}.Debug|Any CPU.Build.0 = Debug|Any CPU
		{880B3591-E057-46FE-B525-10BD83828B93}.Release|Any CPU.ActiveCfg = Release|Any CPU
		{880B3591-E057-46FE-B525-10BD83828B93}.Release|Any CPU.Build.0 = Release|Any CPU
		{38E184BD-E874-4633-A947-AED4FDB73F40}.Debug|Any CPU.ActiveCfg = Debug|Any CPU
		{38E184BD-E874-4633-A947-AED4FDB73F40}.Debug|Any CPU.Build.0 = Debug|Any CPU
		{38E184BD-E874-4633-A947-AED4FDB73F40}.Release|Any CPU.ActiveCfg = Release|Any CPU
		{38E184BD-E874-4633-A947-AED4FDB73F40}.Release|Any CPU.Build.0 = Release|Any CPU
		{22CFE0D2-8DCA-42D7-AD7D-784C3862493F}.Debug|Any CPU.ActiveCfg = Debug|Any CPU
		{22CFE0D2-8DCA-42D7-AD7D-784C3862493F}.Debug|Any CPU.Build.0 = Debug|Any CPU
		{22CFE0D2-8DCA-42D7-AD7D-784C3862493F}.Release|Any CPU.ActiveCfg = Release|Any CPU
		{22CFE0D2-8DCA-42D7-AD7D-784C3862493F}.Release|Any CPU.Build.0 = Release|Any CPU
		{E0580562-F8F2-4EBB-B07A-ABFC6F2C314F}.Debug|Any CPU.ActiveCfg = Debug|Any CPU
		{E0580562-F8F2-4EBB-B07A-ABFC6F2C314F}.Debug|Any CPU.Build.0 = Debug|Any CPU
		{E0580562-F8F2-4EBB-B07A-ABFC6F2C314F}.Release|Any CPU.ActiveCfg = Release|Any CPU
		{E0580562-F8F2-4EBB-B07A-ABFC6F2C314F}.Release|Any CPU.Build.0 = Release|Any CPU
		{9BF00B36-0CC1-4A03-9462-20090F4B6DA0}.Debug|Any CPU.ActiveCfg = Debug|Any CPU
		{9BF00B36-0CC1-4A03-9462-20090F4B6DA0}.Debug|Any CPU.Build.0 = Debug|Any CPU
		{9BF00B36-0CC1-4A03-9462-20090F4B6DA0}.Release|Any CPU.ActiveCfg = Release|Any CPU
		{9BF00B36-0CC1-4A03-9462-20090F4B6DA0}.Release|Any CPU.Build.0 = Release|Any CPU
	EndGlobalSection
	GlobalSection(SolutionProperties) = preSolution
		HideSolutionNode = FALSE
	EndGlobalSection
	GlobalSection(NestedProjects) = preSolution
		{0FA75A5B-AB83-4FD0-B545-279774C01E87} = {F2FD95CE-7855-4A65-B290-C77E62795A36}
		{3870C648-4AEA-4B85-BA3F-F2F63B96136A} = {885C4B90-4AF1-444A-B506-432D0D2366F4}
		{0D4C5D00-C144-4213-A007-4B8944113AB1} = {F10AA149-2626-486E-85BB-9CD5365F3016}
		{880B3591-E057-46FE-B525-10BD83828B93} = {82069623-0CAD-4E5E-865E-AB57093ECD80}
		{38E184BD-E874-4633-A947-AED4FDB73F40} = {C332F01D-645D-4A66-B595-453283E43184}
		{22CFE0D2-8DCA-42D7-AD7D-784C3862493F} = {C332F01D-645D-4A66-B595-453283E43184}
		{E0580562-F8F2-4EBB-B07A-ABFC6F2C314F} = {5C5ED765-F1CF-49E7-94C2-25B06B01F645}
		{5C5ED765-F1CF-49E7-94C2-25B06B01F645} = {AFAA0841-BD93-466F-B8F4-FB4EEC86F1FC}
		{F2FD95CE-7855-4A65-B290-C77E62795A36} = {AFAA0841-BD93-466F-B8F4-FB4EEC86F1FC}
		{885C4B90-4AF1-444A-B506-432D0D2366F4} = {AFAA0841-BD93-466F-B8F4-FB4EEC86F1FC}
		{C332F01D-645D-4A66-B595-453283E43184} = {AFAA0841-BD93-466F-B8F4-FB4EEC86F1FC}
		{82069623-0CAD-4E5E-865E-AB57093ECD80} = {AFAA0841-BD93-466F-B8F4-FB4EEC86F1FC}
		{9BF00B36-0CC1-4A03-9462-20090F4B6DA0} = {5C5ED765-F1CF-49E7-94C2-25B06B01F645}
	EndGlobalSection
	GlobalSection(ExtensibilityGlobals) = postSolution
		SolutionGuid = {5176683D-1FE0-4BB4-832B-8C21F94B27F1}
	EndGlobalSection
EndGlobal
